// !$*UTF8*$!
{
	archiveVersion = 1;
	classes = {
	};
	objectVersion = 55;
	objects = {

/* Begin PBXBuildFile section */
		57B12FE2284DF8F600D7BADC /* OnThisDayApp.swift in Sources */ = {isa = PBXBuildFile; fileRef = 57B12FE1284DF8F600D7BADC /* OnThisDayApp.swift */; };
		57B12FE4284DF8F600D7BADC /* ContentView.swift in Sources */ = {isa = PBXBuildFile; fileRef = 57B12FE3284DF8F600D7BADC /* ContentView.swift */; };
		57B12FE6284DF8F700D7BADC /* Assets.xcassets in Resources */ = {isa = PBXBuildFile; fileRef = 57B12FE5284DF8F700D7BADC /* Assets.xcassets */; };
		57B12FE9284DF8F700D7BADC /* Preview Assets.xcassets in Resources */ = {isa = PBXBuildFile; fileRef = 57B12FE8284DF8F700D7BADC /* Preview Assets.xcassets */; };
		57B12FEB284DF8F700D7BADC /* Persistence.swift in Sources */ = {isa = PBXBuildFile; fileRef = 57B12FEA284DF8F700D7BADC /* Persistence.swift */; };
		57B12FEE284DF8F700D7BADC /* OnThisDay.xcdatamodeld in Sources */ = {isa = PBXBuildFile; fileRef = 57B12FEC284DF8F700D7BADC /* OnThisDay.xcdatamodeld */; };
		57B12FFD284DFA5B00D7BADC /* AppState.swift in Sources */ = {isa = PBXBuildFile; fileRef = 57B12FF6284DFA5B00D7BADC /* AppState.swift */; };
		57B12FFE284DFA5B00D7BADC /* Event.swift in Sources */ = {isa = PBXBuildFile; fileRef = 57B12FF7284DFA5B00D7BADC /* Event.swift */; };
		57B12FFF284DFA5B00D7BADC /* EventLink.swift in Sources */ = {isa = PBXBuildFile; fileRef = 57B12FF8284DFA5B00D7BADC /* EventLink.swift */; };
		57B13000284DFA5B00D7BADC /* Day.swift in Sources */ = {isa = PBXBuildFile; fileRef = 57B12FF9284DFA5B00D7BADC /* Day.swift */; };
		57B13001284DFA5B00D7BADC /* String_decoded.swift in Sources */ = {isa = PBXBuildFile; fileRef = 57B12FFB284DFA5B00D7BADC /* String_decoded.swift */; };
		57B13002284DFA5B00D7BADC /* Networker.swift in Sources */ = {isa = PBXBuildFile; fileRef = 57B12FFC284DFA5B00D7BADC /* Networker.swift */; };
/* End PBXBuildFile section */

/* Begin PBXFileReference section */
		57B12FDE284DF8F600D7BADC /* OnThisDay.app */ = {isa = PBXFileReference; explicitFileType = wrapper.application; includeInIndex = 0; path = OnThisDay.app; sourceTree = BUILT_PRODUCTS_DIR; };
		57B12FE1284DF8F600D7BADC /* OnThisDayApp.swift */ = {isa = PBXFileReference; lastKnownFileType = sourcecode.swift; path = OnThisDayApp.swift; sourceTree = "<group>"; };
		57B12FE3284DF8F600D7BADC /* ContentView.swift */ = {isa = PBXFileReference; lastKnownFileType = sourcecode.swift; path = ContentView.swift; sourceTree = "<group>"; };
		57B12FE5284DF8F700D7BADC /* Assets.xcassets */ = {isa = PBXFileReference; lastKnownFileType = folder.assetcatalog; path = Assets.xcassets; sourceTree = "<group>"; };
		57B12FE8284DF8F700D7BADC /* Preview Assets.xcassets */ = {isa = PBXFileReference; lastKnownFileType = folder.assetcatalog; path = "Preview Assets.xcassets"; sourceTree = "<group>"; };
		57B12FEA284DF8F700D7BADC /* Persistence.swift */ = {isa = PBXFileReference; lastKnownFileType = sourcecode.swift; path = Persistence.swift; sourceTree = "<group>"; };
		57B12FED284DF8F700D7BADC /* OnThisDay.xcdatamodel */ = {isa = PBXFileReference; lastKnownFileType = wrapper.xcdatamodel; path = OnThisDay.xcdatamodel; sourceTree = "<group>"; };
		57B12FEF284DF8F700D7BADC /* OnThisDay.entitlements */ = {isa = PBXFileReference; lastKnownFileType = text.plist.entitlements; path = OnThisDay.entitlements; sourceTree = "<group>"; };
		57B12FF6284DFA5B00D7BADC /* AppState.swift */ = {isa = PBXFileReference; fileEncoding = 4; lastKnownFileType = sourcecode.swift; path = AppState.swift; sourceTree = "<group>"; };
		57B12FF7284DFA5B00D7BADC /* Event.swift */ = {isa = PBXFileReference; fileEncoding = 4; lastKnownFileType = sourcecode.swift; path = Event.swift; sourceTree = "<group>"; };
		57B12FF8284DFA5B00D7BADC /* EventLink.swift */ = {isa = PBXFileReference; fileEncoding = 4; lastKnownFileType = sourcecode.swift; path = EventLink.swift; sourceTree = "<group>"; };
		57B12FF9284DFA5B00D7BADC /* Day.swift */ = {isa = PBXFileReference; fileEncoding = 4; lastKnownFileType = sourcecode.swift; path = Day.swift; sourceTree = "<group>"; };
		57B12FFB284DFA5B00D7BADC /* String_decoded.swift */ = {isa = PBXFileReference; fileEncoding = 4; lastKnownFileType = sourcecode.swift; path = String_decoded.swift; sourceTree = "<group>"; };
		57B12FFC284DFA5B00D7BADC /* Networker.swift */ = {isa = PBXFileReference; fileEncoding = 4; lastKnownFileType = sourcecode.swift; path = Networker.swift; sourceTree = "<group>"; };
/* End PBXFileReference section */

/* Begin PBXFrameworksBuildPhase section */
		57B12FDB284DF8F600D7BADC /* Frameworks */ = {
			isa = PBXFrameworksBuildPhase;
			buildActionMask = 2147483647;
			files = (
			);
			runOnlyForDeploymentPostprocessing = 0;
		};
/* End PBXFrameworksBuildPhase section */

/* Begin PBXGroup section */
		57B12FD5284DF8F600D7BADC = {
			isa = PBXGroup;
			children = (
				57B12FE0284DF8F600D7BADC /* OnThisDay */,
				57B12FDF284DF8F600D7BADC /* Products */,
			);
			sourceTree = "<group>";
		};
		57B12FDF284DF8F600D7BADC /* Products */ = {
			isa = PBXGroup;
			children = (
				57B12FDE284DF8F600D7BADC /* OnThisDay.app */,
			);
			name = Products;
			sourceTree = "<group>";
		};
		57B12FE0284DF8F600D7BADC /* OnThisDay */ = {
			isa = PBXGroup;
			children = (
				57B12FF5284DFA5B00D7BADC /* Models */,
				57B12FFA284DFA5B00D7BADC /* Utilities */,
				57B12FE1284DF8F600D7BADC /* OnThisDayApp.swift */,
				57B12FE3284DF8F600D7BADC /* ContentView.swift */,
				57B12FE5284DF8F700D7BADC /* Assets.xcassets */,
				57B12FEA284DF8F700D7BADC /* Persistence.swift */,
				57B12FEF284DF8F700D7BADC /* OnThisDay.entitlements */,
				57B12FEC284DF8F700D7BADC /* OnThisDay.xcdatamodeld */,
				57B12FE7284DF8F700D7BADC /* Preview Content */,
			);
			path = OnThisDay;
			sourceTree = "<group>";
		};
		57B12FE7284DF8F700D7BADC /* Preview Content */ = {
			isa = PBXGroup;
			children = (
				57B12FE8284DF8F700D7BADC /* Preview Assets.xcassets */,
			);
			path = "Preview Content";
			sourceTree = "<group>";
		};
		57B12FF5284DFA5B00D7BADC /* Models */ = {
			isa = PBXGroup;
			children = (
				57B12FF6284DFA5B00D7BADC /* AppState.swift */,
				57B12FF7284DFA5B00D7BADC /* Event.swift */,
				57B12FF8284DFA5B00D7BADC /* EventLink.swift */,
				57B12FF9284DFA5B00D7BADC /* Day.swift */,
			);
			path = Models;
			sourceTree = "<group>";
		};
		57B12FFA284DFA5B00D7BADC /* Utilities */ = {
			isa = PBXGroup;
			children = (
				57B12FFB284DFA5B00D7BADC /* String_decoded.swift */,
				57B12FFC284DFA5B00D7BADC /* Networker.swift */,
			);
			path = Utilities;
			sourceTree = "<group>";
		};
/* End PBXGroup section */

/* Begin PBXNativeTarget section */
		57B12FDD284DF8F600D7BADC /* OnThisDay */ = {
			isa = PBXNativeTarget;
			buildConfigurationList = 57B12FF2284DF8F700D7BADC /* Build configuration list for PBXNativeTarget "OnThisDay" */;
			buildPhases = (
				57B12FDA284DF8F600D7BADC /* Sources */,
				57B12FDB284DF8F600D7BADC /* Frameworks */,
				57B12FDC284DF8F600D7BADC /* Resources */,
			);
			buildRules = (
			);
			dependencies = (
			);
			name = OnThisDay;
			productName = OnThisDay;
			productReference = 57B12FDE284DF8F600D7BADC /* OnThisDay.app */;
			productType = "com.apple.product-type.application";
		};
/* End PBXNativeTarget section */

/* Begin PBXProject section */
		57B12FD6284DF8F600D7BADC /* Project object */ = {
			isa = PBXProject;
			attributes = {
				BuildIndependentTargetsInParallel = 1;
				LastSwiftUpdateCheck = 1340;
				LastUpgradeCheck = 1340;
				TargetAttributes = {
					57B12FDD284DF8F600D7BADC = {
						CreatedOnToolsVersion = 13.4.1;
					};
				};
			};
			buildConfigurationList = 57B12FD9284DF8F600D7BADC /* Build configuration list for PBXProject "OnThisDay" */;
			compatibilityVersion = "Xcode 13.0";
			developmentRegion = en;
			hasScannedForEncodings = 0;
			knownRegions = (
				en,
				Base,
			);
			mainGroup = 57B12FD5284DF8F600D7BADC;
			productRefGroup = 57B12FDF284DF8F600D7BADC /* Products */;
			projectDirPath = "";
			projectRoot = "";
			targets = (
				57B12FDD284DF8F600D7BADC /* OnThisDay */,
			);
		};
/* End PBXProject section */

/* Begin PBXResourcesBuildPhase section */
		57B12FDC284DF8F600D7BADC /* Resources */ = {
			isa = PBXResourcesBuildPhase;
			buildActionMask = 2147483647;
			files = (
				57B12FE9284DF8F700D7BADC /* Preview Assets.xcassets in Resources */,
				57B12FE6284DF8F700D7BADC /* Assets.xcassets in Resources */,
			);
			runOnlyForDeploymentPostprocessing = 0;
		};
/* End PBXResourcesBuildPhase section */

/* Begin PBXSourcesBuildPhase section */
		57B12FDA284DF8F600D7BADC /* Sources */ = {
			isa = PBXSourcesBuildPhase;
			buildActionMask = 2147483647;
			files = (
				57B12FEB284DF8F700D7BADC /* Persistence.swift in Sources */,
				57B12FFD284DFA5B00D7BADC /* AppState.swift in Sources */,
				57B13000284DFA5B00D7BADC /* Day.swift in Sources */,
				57B12FEE284DF8F700D7BADC /* OnThisDay.xcdatamodeld in Sources */,
				57B12FE4284DF8F600D7BADC /* ContentView.swift in Sources */,
				57B13002284DFA5B00D7BADC /* Networker.swift in Sources */,
				57B12FFF284DFA5B00D7BADC /* EventLink.swift in Sources */,
				57B12FFE284DFA5B00D7BADC /* Event.swift in Sources */,
				57B13001284DFA5B00D7BADC /* String_decoded.swift in Sources */,
				57B12FE2284DF8F600D7BADC /* OnThisDayApp.swift in Sources */,
			);
			runOnlyForDeploymentPostprocessing = 0;
		};
/* End PBXSourcesBuildPhase section */

/* Begin XCBuildConfiguration section */
		57B12FF0284DF8F700D7BADC /* Debug */ = {
			isa = XCBuildConfiguration;
			buildSettings = {
				ALWAYS_SEARCH_USER_PATHS = NO;
				CLANG_ANALYZER_NONNULL = YES;
				CLANG_ANALYZER_NUMBER_OBJECT_CONVERSION = YES_AGGRESSIVE;
				CLANG_CXX_LANGUAGE_STANDARD = "gnu++17";
				CLANG_ENABLE_MODULES = YES;
				CLANG_ENABLE_OBJC_ARC = YES;
				CLANG_ENABLE_OBJC_WEAK = YES;
				CLANG_WARN_BLOCK_CAPTURE_AUTORELEASING = YES;
				CLANG_WARN_BOOL_CONVERSION = YES;
				CLANG_WARN_COMMA = YES;
				CLANG_WARN_CONSTANT_CONVERSION = YES;
				CLANG_WARN_DEPRECATED_OBJC_IMPLEMENTATIONS = YES;
				CLANG_WARN_DIRECT_OBJC_ISA_USAGE = YES_ERROR;
				CLANG_WARN_DOCUMENTATION_COMMENTS = YES;
				CLANG_WARN_EMPTY_BODY = YES;
				CLANG_WARN_ENUM_CONVERSION = YES;
				CLANG_WARN_INFINITE_RECURSION = YES;
				CLANG_WARN_INT_CONVERSION = YES;
				CLANG_WARN_NON_LITERAL_NULL_CONVERSION = YES;
				CLANG_WARN_OBJC_IMPLICIT_RETAIN_SELF = YES;
				CLANG_WARN_OBJC_LITERAL_CONVERSION = YES;
				CLANG_WARN_OBJC_ROOT_CLASS = YES_ERROR;
				CLANG_WARN_QUOTED_INCLUDE_IN_FRAMEWORK_HEADER = YES;
				CLANG_WARN_RANGE_LOOP_ANALYSIS = YES;
				CLANG_WARN_STRICT_PROTOTYPES = YES;
				CLANG_WARN_SUSPICIOUS_MOVE = YES;
				CLANG_WARN_UNGUARDED_AVAILABILITY = YES_AGGRESSIVE;
				CLANG_WARN_UNREACHABLE_CODE = YES;
				CLANG_WARN__DUPLICATE_METHOD_MATCH = YES;
				COPY_PHASE_STRIP = NO;
				DEBUG_INFORMATION_FORMAT = dwarf;
				ENABLE_STRICT_OBJC_MSGSEND = YES;
				ENABLE_TESTABILITY = YES;
				GCC_C_LANGUAGE_STANDARD = gnu11;
				GCC_DYNAMIC_NO_PIC = NO;
				GCC_NO_COMMON_BLOCKS = YES;
				GCC_OPTIMIZATION_LEVEL = 0;
				GCC_PREPROCESSOR_DEFINITIONS = (
					"DEBUG=1",
					"$(inherited)",
				);
				GCC_WARN_64_TO_32_BIT_CONVERSION = YES;
				GCC_WARN_ABOUT_RETURN_TYPE = YES_ERROR;
				GCC_WARN_UNDECLARED_SELECTOR = YES;
				GCC_WARN_UNINITIALIZED_AUTOS = YES_AGGRESSIVE;
				GCC_WARN_UNUSED_FUNCTION = YES;
				GCC_WARN_UNUSED_VARIABLE = YES;
				MACOSX_DEPLOYMENT_TARGET = 12.3;
				MTL_ENABLE_DEBUG_INFO = INCLUDE_SOURCE;
				MTL_FAST_MATH = YES;
				ONLY_ACTIVE_ARCH = YES;
				SDKROOT = macosx;
				SWIFT_ACTIVE_COMPILATION_CONDITIONS = DEBUG;
				SWIFT_OPTIMIZATION_LEVEL = "-Onone";
			};
			name = Debug;
		};
		57B12FF1284DF8F700D7BADC /* Release */ = {
			isa = XCBuildConfiguration;
			buildSettings = {
				ALWAYS_SEARCH_USER_PATHS = NO;
				CLANG_ANALYZER_NONNULL = YES;
				CLANG_ANALYZER_NUMBER_OBJECT_CONVERSION = YES_AGGRESSIVE;
				CLANG_CXX_LANGUAGE_STANDARD = "gnu++17";
				CLANG_ENABLE_MODULES = YES;
				CLANG_ENABLE_OBJC_ARC = YES;
				CLANG_ENABLE_OBJC_WEAK = YES;
				CLANG_WARN_BLOCK_CAPTURE_AUTORELEASING = YES;
				CLANG_WARN_BOOL_CONVERSION = YES;
				CLANG_WARN_COMMA = YES;
				CLANG_WARN_CONSTANT_CONVERSION = YES;
				CLANG_WARN_DEPRECATED_OBJC_IMPLEMENTATIONS = YES;
				CLANG_WARN_DIRECT_OBJC_ISA_USAGE = YES_ERROR;
				CLANG_WARN_DOCUMENTATION_COMMENTS = YES;
				CLANG_WARN_EMPTY_BODY = YES;
				CLANG_WARN_ENUM_CONVERSION = YES;
				CLANG_WARN_INFINITE_RECURSION = YES;
				CLANG_WARN_INT_CONVERSION = YES;
				CLANG_WARN_NON_LITERAL_NULL_CONVERSION = YES;
				CLANG_WARN_OBJC_IMPLICIT_RETAIN_SELF = YES;
				CLANG_WARN_OBJC_LITERAL_CONVERSION = YES;
				CLANG_WARN_OBJC_ROOT_CLASS = YES_ERROR;
				CLANG_WARN_QUOTED_INCLUDE_IN_FRAMEWORK_HEADER = YES;
				CLANG_WARN_RANGE_LOOP_ANALYSIS = YES;
				CLANG_WARN_STRICT_PROTOTYPES = YES;
				CLANG_WARN_SUSPICIOUS_MOVE = YES;
				CLANG_WARN_UNGUARDED_AVAILABILITY = YES_AGGRESSIVE;
				CLANG_WARN_UNREACHABLE_CODE = YES;
				CLANG_WARN__DUPLICATE_METHOD_MATCH = YES;
				COPY_PHASE_STRIP = NO;
				DEBUG_INFORMATION_FORMAT = "dwarf-with-dsym";
				ENABLE_NS_ASSERTIONS = NO;
				ENABLE_STRICT_OBJC_MSGSEND = YES;
				GCC_C_LANGUAGE_STANDARD = gnu11;
				GCC_NO_COMMON_BLOCKS = YES;
				GCC_WARN_64_TO_32_BIT_CONVERSION = YES;
				GCC_WARN_ABOUT_RETURN_TYPE = YES_ERROR;
				GCC_WARN_UNDECLARED_SELECTOR = YES;
				GCC_WARN_UNINITIALIZED_AUTOS = YES_AGGRESSIVE;
				GCC_WARN_UNUSED_FUNCTION = YES;
				GCC_WARN_UNUSED_VARIABLE = YES;
				MACOSX_DEPLOYMENT_TARGET = 12.3;
				MTL_ENABLE_DEBUG_INFO = NO;
				MTL_FAST_MATH = YES;
				SDKROOT = macosx;
				SWIFT_COMPILATION_MODE = wholemodule;
				SWIFT_OPTIMIZATION_LEVEL = "-O";
			};
			name = Release;
		};
		57B12FF3284DF8F700D7BADC /* Debug */ = {
			isa = XCBuildConfiguration;
			buildSettings = {
				ASSETCATALOG_COMPILER_APPICON_NAME = AppIcon;
				ASSETCATALOG_COMPILER_GLOBAL_ACCENT_COLOR_NAME = AccentColor;
				CODE_SIGN_ENTITLEMENTS = OnThisDay/OnThisDay.entitlements;
				CODE_SIGN_STYLE = Automatic;
				COMBINE_HIDPI_IMAGES = YES;
				CURRENT_PROJECT_VERSION = 1;
				DEVELOPMENT_ASSET_PATHS = "\"OnThisDay/Preview Content\"";
				ENABLE_PREVIEWS = YES;
				GENERATE_INFOPLIST_FILE = YES;
				INFOPLIST_KEY_NSHumanReadableCopyright = "";
				LD_RUNPATH_SEARCH_PATHS = (
					"$(inherited)",
					"@executable_path/../Frameworks",
				);
				MARKETING_VERSION = 1.0;
				PRODUCT_BUNDLE_IDENTIFIER = dev.marcosCarvalho.OnThisDay;
				PRODUCT_NAME = "$(TARGET_NAME)";
				SWIFT_EMIT_LOC_STRINGS = YES;
				SWIFT_VERSION = 5.0;
			};
			name = Debug;
		};
		57B12FF4284DF8F700D7BADC /* Release */ = {
			isa = XCBuildConfiguration;
			buildSettings = {
				ASSETCATALOG_COMPILER_APPICON_NAME = AppIcon;
				ASSETCATALOG_COMPILER_GLOBAL_ACCENT_COLOR_NAME = AccentColor;
				CODE_SIGN_ENTITLEMENTS = OnThisDay/OnThisDay.entitlements;
				CODE_SIGN_STYLE = Automatic;
				COMBINE_HIDPI_IMAGES = YES;
				CURRENT_PROJECT_VERSION = 1;
				DEVELOPMENT_ASSET_PATHS = "\"OnThisDay/Preview Content\"";
				ENABLE_PREVIEWS = YES;
				GENERATE_INFOPLIST_FILE = YES;
				INFOPLIST_KEY_NSHumanReadableCopyright = "";
				LD_RUNPATH_SEARCH_PATHS = (
					"$(inherited)",
					"@executable_path/../Frameworks",
				);
				MARKETING_VERSION = 1.0;
				PRODUCT_BUNDLE_IDENTIFIER = dev.marcosCarvalho.OnThisDay;
				PRODUCT_NAME = "$(TARGET_NAME)";
				SWIFT_EMIT_LOC_STRINGS = YES;
				SWIFT_VERSION = 5.0;
			};
			name = Release;
		};
/* End XCBuildConfiguration section */

/* Begin XCConfigurationList section */
		57B12FD9284DF8F600D7BADC /* Build configuration list for PBXProject "OnThisDay" */ = {
			isa = XCConfigurationList;
			buildConfigurations = (
				57B12FF0284DF8F700D7BADC /* Debug */,
				57B12FF1284DF8F700D7BADC /* Release */,
			);
			defaultConfigurationIsVisible = 0;
			defaultConfigurationName = Release;
		};
		57B12FF2284DF8F700D7BADC /* Build configuration list for PBXNativeTarget "OnThisDay" */ = {
			isa = XCConfigurationList;
			buildConfigurations = (
				57B12FF3284DF8F700D7BADC /* Debug */,
				57B12FF4284DF8F700D7BADC /* Release */,
			);
			defaultConfigurationIsVisible = 0;
			defaultConfigurationName = Release;
		};
/* End XCConfigurationList section */

/* Begin XCVersionGroup section */
		57B12FEC284DF8F700D7BADC /* OnThisDay.xcdatamodeld */ = {
			isa = XCVersionGroup;
			children = (
				57B12FED284DF8F700D7BADC /* OnThisDay.xcdatamodel */,
			);
			currentVersion = 57B12FED284DF8F700D7BADC /* OnThisDay.xcdatamodel */;
			path = OnThisDay.xcdatamodeld;
			sourceTree = "<group>";
			versionGroupType = wrapper.xcdatamodel;
		};
/* End XCVersionGroup section */
	};
	rootObject = 57B12FD6284DF8F600D7BADC /* Project object */;
}
